
Microsoft Visual Studio Solution File, Format Version 12.00
# Visual Studio Version 17
VisualStudioVersion = 17.2.32210.308
MinimumVisualStudioVersion = 10.0.40219.1
Project("{FAE04EC0-301F-11D3-BF4B-00C04F79EFBC}") = "MvvmToolkitTest", "MvvmToolkitTest\MvvmToolkitTest.csproj", "{ADDA48F1-C845-4DFA-AB74-294E7D8673BD}"
EndProject
Global
	GlobalSection(SolutionConfigurationPlatforms) = preSolution
		Debug|Any CPU = Debug|Any CPU
		Release|Any CPU = Release|Any CPU
	EndGlobalSection
	GlobalSection(ProjectConfigurationPlatforms) = postSolution
		{ADDA48F1-C845-4DFA-AB74-294E7D8673BD}.Debug|Any CPU.ActiveCfg = Debug|Any CPU
		{ADDA48F1-C845-4DFA-AB74-294E7D8673BD}.Debug|Any CPU.Build.0 = Debug|Any CPU
		{ADDA48F1-C845-4DFA-AB74-294E7D8673BD}.Release|Any CPU.ActiveCfg = Release|Any CPU
		{ADDA48F1-C845-4DFA-AB74-294E7D8673BD}.Release|Any CPU.Build.0 = Release|Any CPU
	EndGlobalSection
	GlobalSection(SolutionProperties) = preSolution
		HideSolutionNode = FALSE
	EndGlobalSection
	GlobalSection(ExtensibilityGlobals) = postSolution
		SolutionGuid = {B93EEDAC-C1F9-405A-8EE7-44B3D2338817}
	EndGlobalSection
EndGlobal
